
Microsoft Visual Studio Solution File, Format Version 12.00
# Visual Studio Version 17
VisualStudioVersion = 17.9.34414.90
MinimumVisualStudioVersion = 10.0.40219.1
Project("{9A19103F-16F7-4668-BE54-9A1E7A4F7556}") = "ADO 01. Introduction", "ADO 01. Introduction\ADO 01. Introduction.csproj", "{E652F8B9-DA8D-4C16-A217-C46A5C1CA1F3}"
EndProject
Project("{2150E333-8FDC-42A3-9474-1A3956D46DE8}") = "ADO 01", "ADO 01", "{C49F8A85-2EB7-4605-B2B7-E7EA783DF91B}"
EndProject
Project("{9A19103F-16F7-4668-BE54-9A1E7A4F7556}") = "ADO 01. Read data", "ADO 01. Read data\ADO 01. Read data.csproj", "{9E007337-608A-42D9-87F2-36E1C028908F}"
EndProject
Project("{2150E333-8FDC-42A3-9474-1A3956D46DE8}") = "ADO 02", "ADO 02", "{27630157-61A5-4A60-B12F-99CE9AD9DFD4}"
EndProject
Project("{9A19103F-16F7-4668-BE54-9A1E7A4F7556}") = "ADO 02. Multi Query", "ADO 02. Multi Query\ADO 02. Multi Query.csproj", "{D44C3A71-605B-4A66-BEEA-FDB6FAE199E5}"
EndProject
Project("{9A19103F-16F7-4668-BE54-9A1E7A4F7556}") = "ADO 02. Configuration file", "ADO 02. Configuration file\ADO 02. Configuration file.csproj", "{AAC4FFC3-DDA1-4548-A7BF-5CA327BDAE6F}"
EndProject
Project("{9A19103F-16F7-4668-BE54-9A1E7A4F7556}") = "ADO 02. Parametrized query", "ADO 02. Parametrized query\ADO 02. Parametrized query.csproj", "{B8A4EDCF-9231-4EDE-8CBB-322D1BE8D3FC}"
EndProject
Project("{9A19103F-16F7-4668-BE54-9A1E7A4F7556}") = "ADO 02. Stored Procedure execute", "ADO 02. Stored Procedure execute\ADO 02. Stored Procedure execute.csproj", "{9ECC1D95-D3E4-4393-988D-9EF712438257}"
EndProject
Project("{2150E333-8FDC-42A3-9474-1A3956D46DE8}") = "ADO 03", "ADO 03", "{BBA63B0D-D6C5-401B-9A6D-1E3647B7F8A4}"
EndProject
Project("{9A19103F-16F7-4668-BE54-9A1E7A4F7556}") = "ADO 03. DataTable", "ADO 02. DataTable\ADO 03. DataTable.csproj", "{9083EAA1-6343-494E-8288-02FD03D657CB}"
EndProject
Project("{9A19103F-16F7-4668-BE54-9A1E7A4F7556}") = "ADO 03. DbDataAdapter", "ADO 03. DbDataAdapter\ADO 03. DbDataAdapter.csproj", "{E8E1A62B-62A3-4DD7-921F-029FA4A03D01}"
EndProject
Project("{9A19103F-16F7-4668-BE54-9A1E7A4F7556}") = "ADO 03. Picture in Database", "ADO 03. Picture in Database\ADO 03. Picture in Database.csproj", "{2D459C09-7A9B-419D-9C72-4B38F46CC83C}"
EndProject
Project("{2150E333-8FDC-42A3-9474-1A3956D46DE8}") = "ADO 04", "ADO 04", "{A98EA6AE-2C07-4F33-9528-E39F9502C9FB}"
EndProject
Project("{9A19103F-16F7-4668-BE54-9A1E7A4F7556}") = "ADO 04. Entity start", "ADO 04. Entity start\ADO 04. Entity start.csproj", "{C2C70F8B-7999-4439-9E4A-8DD4524E4E9F}"
EndProject
Project("{9A19103F-16F7-4668-BE54-9A1E7A4F7556}") = "ADO 04. DataBase FIrst", "ADO 04. DataBase FIrst\ADO 04. DataBase FIrst.csproj", "{B7A8955C-FB81-49F7-9838-156517C0A7FD}"
EndProject
Project("{9A19103F-16F7-4668-BE54-9A1E7A4F7556}") = "ADO 04. Database First 02", "ADO 04. Database First 02\ADO 04. Database First 02.csproj", "{14C16189-84F7-4E65-BA0A-406383DCD9CA}"
EndProject
Project("{2150E333-8FDC-42A3-9474-1A3956D46DE8}") = "ADO 05", "ADO 05", "{FE24E303-25CA-4332-B74B-94D005A483FE}"
EndProject
Project("{9A19103F-16F7-4668-BE54-9A1E7A4F7556}") = "ADO 05. LINQ For Entities", "ADO 05. LINQ For Entities\ADO 05. LINQ For Entities.csproj", "{E6687A2E-F75F-42F5-B465-5621ED92742A}"
EndProject
Project("{2150E333-8FDC-42A3-9474-1A3956D46DE8}") = "ADO 06", "ADO 06", "{79B72D77-2D15-4E80-8F3B-C5CFDFA8BEFD}"
EndProject
Project("{9A19103F-16F7-4668-BE54-9A1E7A4F7556}") = "ADO 06. Entity relationships One to One", "ADO 06. Entity relationships\ADO 06. Entity relationships One to One.csproj", "{2DB1CC4E-836C-4CC5-9199-915507ADFB3E}"
EndProject
Project("{9A19103F-16F7-4668-BE54-9A1E7A4F7556}") = "ADO 06. Entity relationships. One To Many", "ADO 06. Entity relationships. One To Many\ADO 06. Entity relationships. One To Many.csproj", "{F518AB9A-21A6-4FAD-BD12-62B983F7E00D}"
EndProject
Project("{9A19103F-16F7-4668-BE54-9A1E7A4F7556}") = "ADO 06. Entity Relationships. Many to Many", "ADO 06. Entity Relationships. Many to Many\ADO 06. Entity Relationships. Many to Many.csproj", "{7E7E3934-E3A2-4131-AD3A-26D87C99B0EF}"
EndProject
Project("{2150E333-8FDC-42A3-9474-1A3956D46DE8}") = "ADO 07", "ADO 07", "{E4AB8207-8A2E-4A1A-B44C-EFC71C3C6E24}"
EndProject
Project("{FAE04EC0-301F-11D3-BF4B-00C04F79EFBC}") = "ADO 07. Annotations", "ADO 07. Annotations\ADO 07. Annotations.csproj", "{E461BACC-A31E-45DA-A8E6-7DD5A21A3FF3}"
EndProject
Global
	GlobalSection(SolutionConfigurationPlatforms) = preSolution
		Debug|Any CPU = Debug|Any CPU
		Release|Any CPU = Release|Any CPU
	EndGlobalSection
	GlobalSection(ProjectConfigurationPlatforms) = postSolution
		{E652F8B9-DA8D-4C16-A217-C46A5C1CA1F3}.Debug|Any CPU.ActiveCfg = Debug|Any CPU
		{E652F8B9-DA8D-4C16-A217-C46A5C1CA1F3}.Debug|Any CPU.Build.0 = Debug|Any CPU
		{E652F8B9-DA8D-4C16-A217-C46A5C1CA1F3}.Release|Any CPU.ActiveCfg = Release|Any CPU
		{E652F8B9-DA8D-4C16-A217-C46A5C1CA1F3}.Release|Any CPU.Build.0 = Release|Any CPU
		{9E007337-608A-42D9-87F2-36E1C028908F}.Debug|Any CPU.ActiveCfg = Debug|Any CPU
		{9E007337-608A-42D9-87F2-36E1C028908F}.Debug|Any CPU.Build.0 = Debug|Any CPU
		{9E007337-608A-42D9-87F2-36E1C028908F}.Release|Any CPU.ActiveCfg = Release|Any CPU
		{9E007337-608A-42D9-87F2-36E1C028908F}.Release|Any CPU.Build.0 = Release|Any CPU
		{D44C3A71-605B-4A66-BEEA-FDB6FAE199E5}.Debug|Any CPU.ActiveCfg = Debug|Any CPU
		{D44C3A71-605B-4A66-BEEA-FDB6FAE199E5}.Debug|Any CPU.Build.0 = Debug|Any CPU
		{D44C3A71-605B-4A66-BEEA-FDB6FAE199E5}.Release|Any CPU.ActiveCfg = Release|Any CPU
		{D44C3A71-605B-4A66-BEEA-FDB6FAE199E5}.Release|Any CPU.Build.0 = Release|Any CPU
		{AAC4FFC3-DDA1-4548-A7BF-5CA327BDAE6F}.Debug|Any CPU.ActiveCfg = Debug|Any CPU
		{AAC4FFC3-DDA1-4548-A7BF-5CA327BDAE6F}.Debug|Any CPU.Build.0 = Debug|Any CPU
		{AAC4FFC3-DDA1-4548-A7BF-5CA327BDAE6F}.Release|Any CPU.ActiveCfg = Release|Any CPU
		{AAC4FFC3-DDA1-4548-A7BF-5CA327BDAE6F}.Release|Any CPU.Build.0 = Release|Any CPU
		{B8A4EDCF-9231-4EDE-8CBB-322D1BE8D3FC}.Debug|Any CPU.ActiveCfg = Debug|Any CPU
		{B8A4EDCF-9231-4EDE-8CBB-322D1BE8D3FC}.Debug|Any CPU.Build.0 = Debug|Any CPU
		{B8A4EDCF-9231-4EDE-8CBB-322D1BE8D3FC}.Release|Any CPU.ActiveCfg = Release|Any CPU
		{B8A4EDCF-9231-4EDE-8CBB-322D1BE8D3FC}.Release|Any CPU.Build.0 = Release|Any CPU
		{9ECC1D95-D3E4-4393-988D-9EF712438257}.Debug|Any CPU.ActiveCfg = Debug|Any CPU
		{9ECC1D95-D3E4-4393-988D-9EF712438257}.Debug|Any CPU.Build.0 = Debug|Any CPU
		{9ECC1D95-D3E4-4393-988D-9EF712438257}.Release|Any CPU.ActiveCfg = Release|Any CPU
		{9ECC1D95-D3E4-4393-988D-9EF712438257}.Release|Any CPU.Build.0 = Release|Any CPU
		{9083EAA1-6343-494E-8288-02FD03D657CB}.Debug|Any CPU.ActiveCfg = Debug|Any CPU
		{9083EAA1-6343-494E-8288-02FD03D657CB}.Debug|Any CPU.Build.0 = Debug|Any CPU
		{9083EAA1-6343-494E-8288-02FD03D657CB}.Release|Any CPU.ActiveCfg = Release|Any CPU
		{9083EAA1-6343-494E-8288-02FD03D657CB}.Release|Any CPU.Build.0 = Release|Any CPU
		{E8E1A62B-62A3-4DD7-921F-029FA4A03D01}.Debug|Any CPU.ActiveCfg = Debug|Any CPU
		{E8E1A62B-62A3-4DD7-921F-029FA4A03D01}.Debug|Any CPU.Build.0 = Debug|Any CPU
		{E8E1A62B-62A3-4DD7-921F-029FA4A03D01}.Release|Any CPU.ActiveCfg = Release|Any CPU
		{E8E1A62B-62A3-4DD7-921F-029FA4A03D01}.Release|Any CPU.Build.0 = Release|Any CPU
		{2D459C09-7A9B-419D-9C72-4B38F46CC83C}.Debug|Any CPU.ActiveCfg = Debug|Any CPU
		{2D459C09-7A9B-419D-9C72-4B38F46CC83C}.Debug|Any CPU.Build.0 = Debug|Any CPU
		{2D459C09-7A9B-419D-9C72-4B38F46CC83C}.Release|Any CPU.ActiveCfg = Release|Any CPU
		{2D459C09-7A9B-419D-9C72-4B38F46CC83C}.Release|Any CPU.Build.0 = Release|Any CPU
		{C2C70F8B-7999-4439-9E4A-8DD4524E4E9F}.Debug|Any CPU.ActiveCfg = Debug|Any CPU
		{C2C70F8B-7999-4439-9E4A-8DD4524E4E9F}.Debug|Any CPU.Build.0 = Debug|Any CPU
		{C2C70F8B-7999-4439-9E4A-8DD4524E4E9F}.Release|Any CPU.ActiveCfg = Release|Any CPU
		{C2C70F8B-7999-4439-9E4A-8DD4524E4E9F}.Release|Any CPU.Build.0 = Release|Any CPU
		{B7A8955C-FB81-49F7-9838-156517C0A7FD}.Debug|Any CPU.ActiveCfg = Debug|Any CPU
		{B7A8955C-FB81-49F7-9838-156517C0A7FD}.Debug|Any CPU.Build.0 = Debug|Any CPU
		{B7A8955C-FB81-49F7-9838-156517C0A7FD}.Release|Any CPU.ActiveCfg = Release|Any CPU
		{B7A8955C-FB81-49F7-9838-156517C0A7FD}.Release|Any CPU.Build.0 = Release|Any CPU
		{14C16189-84F7-4E65-BA0A-406383DCD9CA}.Debug|Any CPU.ActiveCfg = Debug|Any CPU
		{14C16189-84F7-4E65-BA0A-406383DCD9CA}.Debug|Any CPU.Build.0 = Debug|Any CPU
		{14C16189-84F7-4E65-BA0A-406383DCD9CA}.Release|Any CPU.ActiveCfg = Release|Any CPU
		{14C16189-84F7-4E65-BA0A-406383DCD9CA}.Release|Any CPU.Build.0 = Release|Any CPU
		{E6687A2E-F75F-42F5-B465-5621ED92742A}.Debug|Any CPU.ActiveCfg = Debug|Any CPU
		{E6687A2E-F75F-42F5-B465-5621ED92742A}.Debug|Any CPU.Build.0 = Debug|Any CPU
		{E6687A2E-F75F-42F5-B465-5621ED92742A}.Release|Any CPU.ActiveCfg = Release|Any CPU
		{E6687A2E-F75F-42F5-B465-5621ED92742A}.Release|Any CPU.Build.0 = Release|Any CPU
		{2DB1CC4E-836C-4CC5-9199-915507ADFB3E}.Debug|Any CPU.ActiveCfg = Debug|Any CPU
		{2DB1CC4E-836C-4CC5-9199-915507ADFB3E}.Debug|Any CPU.Build.0 = Debug|Any CPU
		{2DB1CC4E-836C-4CC5-9199-915507ADFB3E}.Release|Any CPU.ActiveCfg = Release|Any CPU
		{2DB1CC4E-836C-4CC5-9199-915507ADFB3E}.Release|Any CPU.Build.0 = Release|Any CPU
		{F518AB9A-21A6-4FAD-BD12-62B983F7E00D}.Debug|Any CPU.ActiveCfg = Debug|Any CPU
		{F518AB9A-21A6-4FAD-BD12-62B983F7E00D}.Debug|Any CPU.Build.0 = Debug|Any CPU
		{F518AB9A-21A6-4FAD-BD12-62B983F7E00D}.Release|Any CPU.ActiveCfg = Release|Any CPU
		{F518AB9A-21A6-4FAD-BD12-62B983F7E00D}.Release|Any CPU.Build.0 = Release|Any CPU
		{7E7E3934-E3A2-4131-AD3A-26D87C99B0EF}.Debug|Any CPU.ActiveCfg = Debug|Any CPU
		{7E7E3934-E3A2-4131-AD3A-26D87C99B0EF}.Debug|Any CPU.Build.0 = Debug|Any CPU
		{7E7E3934-E3A2-4131-AD3A-26D87C99B0EF}.Release|Any CPU.ActiveCfg = Release|Any CPU
		{7E7E3934-E3A2-4131-AD3A-26D87C99B0EF}.Release|Any CPU.Build.0 = Release|Any CPU
		{E461BACC-A31E-45DA-A8E6-7DD5A21A3FF3}.Debug|Any CPU.ActiveCfg = Debug|Any CPU
		{E461BACC-A31E-45DA-A8E6-7DD5A21A3FF3}.Debug|Any CPU.Build.0 = Debug|Any CPU
		{E461BACC-A31E-45DA-A8E6-7DD5A21A3FF3}.Release|Any CPU.ActiveCfg = Release|Any CPU
		{E461BACC-A31E-45DA-A8E6-7DD5A21A3FF3}.Release|Any CPU.Build.0 = Release|Any CPU
	EndGlobalSection
	GlobalSection(SolutionProperties) = preSolution
		HideSolutionNode = FALSE
	EndGlobalSection
	GlobalSection(NestedProjects) = preSolution
		{E652F8B9-DA8D-4C16-A217-C46A5C1CA1F3} = {C49F8A85-2EB7-4605-B2B7-E7EA783DF91B}
		{9E007337-608A-42D9-87F2-36E1C028908F} = {C49F8A85-2EB7-4605-B2B7-E7EA783DF91B}
		{D44C3A71-605B-4A66-BEEA-FDB6FAE199E5} = {27630157-61A5-4A60-B12F-99CE9AD9DFD4}
		{AAC4FFC3-DDA1-4548-A7BF-5CA327BDAE6F} = {27630157-61A5-4A60-B12F-99CE9AD9DFD4}
		{B8A4EDCF-9231-4EDE-8CBB-322D1BE8D3FC} = {27630157-61A5-4A60-B12F-99CE9AD9DFD4}
		{9ECC1D95-D3E4-4393-988D-9EF712438257} = {27630157-61A5-4A60-B12F-99CE9AD9DFD4}
		{9083EAA1-6343-494E-8288-02FD03D657CB} = {BBA63B0D-D6C5-401B-9A6D-1E3647B7F8A4}
		{E8E1A62B-62A3-4DD7-921F-029FA4A03D01} = {BBA63B0D-D6C5-401B-9A6D-1E3647B7F8A4}
		{2D459C09-7A9B-419D-9C72-4B38F46CC83C} = {BBA63B0D-D6C5-401B-9A6D-1E3647B7F8A4}
		{C2C70F8B-7999-4439-9E4A-8DD4524E4E9F} = {A98EA6AE-2C07-4F33-9528-E39F9502C9FB}
		{B7A8955C-FB81-49F7-9838-156517C0A7FD} = {A98EA6AE-2C07-4F33-9528-E39F9502C9FB}
		{14C16189-84F7-4E65-BA0A-406383DCD9CA} = {A98EA6AE-2C07-4F33-9528-E39F9502C9FB}
		{E6687A2E-F75F-42F5-B465-5621ED92742A} = {FE24E303-25CA-4332-B74B-94D005A483FE}
		{2DB1CC4E-836C-4CC5-9199-915507ADFB3E} = {79B72D77-2D15-4E80-8F3B-C5CFDFA8BEFD}
		{F518AB9A-21A6-4FAD-BD12-62B983F7E00D} = {79B72D77-2D15-4E80-8F3B-C5CFDFA8BEFD}
		{7E7E3934-E3A2-4131-AD3A-26D87C99B0EF} = {79B72D77-2D15-4E80-8F3B-C5CFDFA8BEFD}
		{E461BACC-A31E-45DA-A8E6-7DD5A21A3FF3} = {E4AB8207-8A2E-4A1A-B44C-EFC71C3C6E24}
	EndGlobalSection
	GlobalSection(ExtensibilityGlobals) = postSolution
		SolutionGuid = {4869B6E7-E9ED-4063-AE37-53DF50F96CD1}
	EndGlobalSection
EndGlobal
